
Microsoft Visual Studio Solution File, Format Version 12.00
# Visual Studio Version 16
VisualStudioVersion = 16.0.28922.388
MinimumVisualStudioVersion = 10.0.40219.1
Project("{535C04D7-A2A5-47C7-83E0-B340A995CD1F}") = "HomeworkTransaction", "HomeworkTransaction\HomeworkTransaction.cblproj", "{6B42BB20-5030-4D8E-8485-5B884CD5E886}"
EndProject
Global
	GlobalSection(SolutionConfigurationPlatforms) = preSolution
		Debug|Any CPU = Debug|Any CPU
		Release|Any CPU = Release|Any CPU
	EndGlobalSection
	GlobalSection(ProjectConfigurationPlatforms) = postSolution
		{6B42BB20-5030-4D8E-8485-5B884CD5E886}.Debug|Any CPU.ActiveCfg = Debug|Any CPU
		{6B42BB20-5030-4D8E-8485-5B884CD5E886}.Debug|Any CPU.Build.0 = Debug|Any CPU
		{6B42BB20-5030-4D8E-8485-5B884CD5E886}.Release|Any CPU.ActiveCfg = Release|Any CPU
		{6B42BB20-5030-4D8E-8485-5B884CD5E886}.Release|Any CPU.Build.0 = Release|Any CPU
	EndGlobalSection
	GlobalSection(SolutionProperties) = preSolution
		HideSolutionNode = FALSE
	EndGlobalSection
	GlobalSection(ExtensibilityGlobals) = postSolution
		SolutionGuid = {DDF8FB06-6712-4697-9345-7E008D1DF0F6}
	EndGlobalSection
EndGlobal
