
Microsoft Visual Studio Solution File, Format Version 12.00
# Visual Studio Version 16
VisualStudioVersion = 16.0.28922.388
MinimumVisualStudioVersion = 10.0.40219.1
Project("{535C04D7-A2A5-47C7-83E0-B340A995CD1F}") = "CargoFileUsingBinarySearch", "CargoFileUsingBinarySearch\CargoFileUsingBinarySearch.cblproj", "{657EF46A-C45A-46A7-AFDB-74B54D2CE5C0}"
EndProject
Global
	GlobalSection(SolutionConfigurationPlatforms) = preSolution
		Debug|Any CPU = Debug|Any CPU
		Release|Any CPU = Release|Any CPU
	EndGlobalSection
	GlobalSection(ProjectConfigurationPlatforms) = postSolution
		{657EF46A-C45A-46A7-AFDB-74B54D2CE5C0}.Debug|Any CPU.ActiveCfg = Debug|Any CPU
		{657EF46A-C45A-46A7-AFDB-74B54D2CE5C0}.Debug|Any CPU.Build.0 = Debug|Any CPU
		{657EF46A-C45A-46A7-AFDB-74B54D2CE5C0}.Release|Any CPU.ActiveCfg = Release|Any CPU
		{657EF46A-C45A-46A7-AFDB-74B54D2CE5C0}.Release|Any CPU.Build.0 = Release|Any CPU
	EndGlobalSection
	GlobalSection(SolutionProperties) = preSolution
		HideSolutionNode = FALSE
	EndGlobalSection
	GlobalSection(ExtensibilityGlobals) = postSolution
		SolutionGuid = {632FE166-4F0B-48BE-9C96-FCBE7F6B1C3E}
	EndGlobalSection
EndGlobal
